
Microsoft Visual Studio Solution File, Format Version 12.00
Project("{FAE04EC0-301F-11D3-BF4B-00C04F79EFBC}") = "adventofcode", "adventofcode\adventofcode.csproj", "{041D0C04-557E-4DF7-B335-03E7A316EB3E}"
EndProject
Project("{FAE04EC0-301F-11D3-BF4B-00C04F79EFBC}") = "day1part2", "day1part2\day1part2.csproj", "{FAEA746B-390F-404F-81BE-73AD5F5EE9A4}"
EndProject
Project("{FAE04EC0-301F-11D3-BF4B-00C04F79EFBC}") = "day2part2", "day2part2\day2part2.csproj", "{8AA05FEB-1CB5-4B7B-8BDB-F6E453807551}"
EndProject
Project("{FAE04EC0-301F-11D3-BF4B-00C04F79EFBC}") = "day3", "day3\day3.csproj", "{A8906A9B-3A30-4AE7-831A-A5892302DF80}"
EndProject
Project("{FAE04EC0-301F-11D3-BF4B-00C04F79EFBC}") = "day4", "day4\day4.csproj", "{4BE34FD7-3A82-4189-A86E-A2CFF7043E96}"
EndProject
Project("{FAE04EC0-301F-11D3-BF4B-00C04F79EFBC}") = "day5", "day5\day5.csproj", "{681D5905-232C-4A64-BE55-BFE5933DB5CB}"
EndProject
Project("{FAE04EC0-301F-11D3-BF4B-00C04F79EFBC}") = "day6", "day6\day6.csproj", "{BDB066AF-CDEA-4A36-8E75-256B4EA76559}"
EndProject
Project("{FAE04EC0-301F-11D3-BF4B-00C04F79EFBC}") = "test", "test\test.csproj", "{A45EFBEE-AAD9-484D-B641-D46F8A915E5C}"
EndProject
Global
	GlobalSection(SolutionConfigurationPlatforms) = preSolution
		Debug|Any CPU = Debug|Any CPU
		Release|Any CPU = Release|Any CPU
	EndGlobalSection
	GlobalSection(ProjectConfigurationPlatforms) = postSolution
		{041D0C04-557E-4DF7-B335-03E7A316EB3E}.Debug|Any CPU.ActiveCfg = Debug|Any CPU
		{041D0C04-557E-4DF7-B335-03E7A316EB3E}.Debug|Any CPU.Build.0 = Debug|Any CPU
		{041D0C04-557E-4DF7-B335-03E7A316EB3E}.Release|Any CPU.ActiveCfg = Release|Any CPU
		{041D0C04-557E-4DF7-B335-03E7A316EB3E}.Release|Any CPU.Build.0 = Release|Any CPU
		{FAEA746B-390F-404F-81BE-73AD5F5EE9A4}.Debug|Any CPU.ActiveCfg = Debug|Any CPU
		{FAEA746B-390F-404F-81BE-73AD5F5EE9A4}.Debug|Any CPU.Build.0 = Debug|Any CPU
		{FAEA746B-390F-404F-81BE-73AD5F5EE9A4}.Release|Any CPU.ActiveCfg = Release|Any CPU
		{FAEA746B-390F-404F-81BE-73AD5F5EE9A4}.Release|Any CPU.Build.0 = Release|Any CPU
		{8AA05FEB-1CB5-4B7B-8BDB-F6E453807551}.Debug|Any CPU.ActiveCfg = Debug|Any CPU
		{8AA05FEB-1CB5-4B7B-8BDB-F6E453807551}.Debug|Any CPU.Build.0 = Debug|Any CPU
		{8AA05FEB-1CB5-4B7B-8BDB-F6E453807551}.Release|Any CPU.ActiveCfg = Release|Any CPU
		{8AA05FEB-1CB5-4B7B-8BDB-F6E453807551}.Release|Any CPU.Build.0 = Release|Any CPU
		{A8906A9B-3A30-4AE7-831A-A5892302DF80}.Debug|Any CPU.ActiveCfg = Debug|Any CPU
		{A8906A9B-3A30-4AE7-831A-A5892302DF80}.Debug|Any CPU.Build.0 = Debug|Any CPU
		{A8906A9B-3A30-4AE7-831A-A5892302DF80}.Release|Any CPU.ActiveCfg = Release|Any CPU
		{A8906A9B-3A30-4AE7-831A-A5892302DF80}.Release|Any CPU.Build.0 = Release|Any CPU
		{4BE34FD7-3A82-4189-A86E-A2CFF7043E96}.Debug|Any CPU.ActiveCfg = Debug|Any CPU
		{4BE34FD7-3A82-4189-A86E-A2CFF7043E96}.Debug|Any CPU.Build.0 = Debug|Any CPU
		{4BE34FD7-3A82-4189-A86E-A2CFF7043E96}.Release|Any CPU.ActiveCfg = Release|Any CPU
		{4BE34FD7-3A82-4189-A86E-A2CFF7043E96}.Release|Any CPU.Build.0 = Release|Any CPU
		{681D5905-232C-4A64-BE55-BFE5933DB5CB}.Debug|Any CPU.ActiveCfg = Debug|Any CPU
		{681D5905-232C-4A64-BE55-BFE5933DB5CB}.Debug|Any CPU.Build.0 = Debug|Any CPU
		{681D5905-232C-4A64-BE55-BFE5933DB5CB}.Release|Any CPU.ActiveCfg = Release|Any CPU
		{681D5905-232C-4A64-BE55-BFE5933DB5CB}.Release|Any CPU.Build.0 = Release|Any CPU
		{BDB066AF-CDEA-4A36-8E75-256B4EA76559}.Debug|Any CPU.ActiveCfg = Debug|Any CPU
		{BDB066AF-CDEA-4A36-8E75-256B4EA76559}.Debug|Any CPU.Build.0 = Debug|Any CPU
		{BDB066AF-CDEA-4A36-8E75-256B4EA76559}.Release|Any CPU.ActiveCfg = Release|Any CPU
		{BDB066AF-CDEA-4A36-8E75-256B4EA76559}.Release|Any CPU.Build.0 = Release|Any CPU
		{A45EFBEE-AAD9-484D-B641-D46F8A915E5C}.Debug|Any CPU.ActiveCfg = Debug|Any CPU
		{A45EFBEE-AAD9-484D-B641-D46F8A915E5C}.Debug|Any CPU.Build.0 = Debug|Any CPU
		{A45EFBEE-AAD9-484D-B641-D46F8A915E5C}.Release|Any CPU.ActiveCfg = Release|Any CPU
		{A45EFBEE-AAD9-484D-B641-D46F8A915E5C}.Release|Any CPU.Build.0 = Release|Any CPU
	EndGlobalSection
EndGlobal
